
Microsoft Visual Studio Solution File, Format Version 12.00
# Visual Studio Version 16
VisualStudioVersion = 16.0.31911.196
MinimumVisualStudioVersion = 10.0.40219.1
Project("{FAE04EC0-301F-11D3-BF4B-00C04F79EFBC}") = "Archi.Library", "Archi.Library\Archi.Library.csproj", "{65517D12-5ECC-4871-8E69-9DED2115E4E1}"
EndProject
Project("{FAE04EC0-301F-11D3-BF4B-00C04F79EFBC}") = "Archi.api", "Archi.api\Archi.api.csproj", "{F950BB40-E7C8-4ABD-ACB1-5F55D89BBCC5}"
EndProject
Project("{FAE04EC0-301F-11D3-BF4B-00C04F79EFBC}") = "Archi.Library.Test", "Archi.Library.Test\Archi.Library.Test.csproj", "{7C1942A4-84A4-4224-AA81-9674E8E7556E}"
EndProject
Global
	GlobalSection(SolutionConfigurationPlatforms) = preSolution
		Debug|Any CPU = Debug|Any CPU
		Release|Any CPU = Release|Any CPU
	EndGlobalSection
	GlobalSection(ProjectConfigurationPlatforms) = postSolution
		{65517D12-5ECC-4871-8E69-9DED2115E4E1}.Debug|Any CPU.ActiveCfg = Debug|Any CPU
		{65517D12-5ECC-4871-8E69-9DED2115E4E1}.Debug|Any CPU.Build.0 = Debug|Any CPU
		{65517D12-5ECC-4871-8E69-9DED2115E4E1}.Release|Any CPU.ActiveCfg = Release|Any CPU
		{65517D12-5ECC-4871-8E69-9DED2115E4E1}.Release|Any CPU.Build.0 = Release|Any CPU
		{F950BB40-E7C8-4ABD-ACB1-5F55D89BBCC5}.Debug|Any CPU.ActiveCfg = Debug|Any CPU
		{F950BB40-E7C8-4ABD-ACB1-5F55D89BBCC5}.Debug|Any CPU.Build.0 = Debug|Any CPU
		{F950BB40-E7C8-4ABD-ACB1-5F55D89BBCC5}.Release|Any CPU.ActiveCfg = Release|Any CPU
		{F950BB40-E7C8-4ABD-ACB1-5F55D89BBCC5}.Release|Any CPU.Build.0 = Release|Any CPU
		{7C1942A4-84A4-4224-AA81-9674E8E7556E}.Debug|Any CPU.ActiveCfg = Debug|Any CPU
		{7C1942A4-84A4-4224-AA81-9674E8E7556E}.Debug|Any CPU.Build.0 = Debug|Any CPU
		{7C1942A4-84A4-4224-AA81-9674E8E7556E}.Release|Any CPU.ActiveCfg = Release|Any CPU
		{7C1942A4-84A4-4224-AA81-9674E8E7556E}.Release|Any CPU.Build.0 = Release|Any CPU
	EndGlobalSection
	GlobalSection(SolutionProperties) = preSolution
		HideSolutionNode = FALSE
	EndGlobalSection
	GlobalSection(ExtensibilityGlobals) = postSolution
		SolutionGuid = {2552A030-BDAB-4747-91C4-A1FF47290AAE}
	EndGlobalSection
EndGlobal
